
Microsoft Visual Studio Solution File, Format Version 12.00
# Visual Studio Version 17
VisualStudioVersion = 17.7.34018.315
MinimumVisualStudioVersion = 10.0.40219.1
Project("{FAE04EC0-301F-11D3-BF4B-00C04F79EFBC}") = "Veronica_Ejercicio3_IngresoDireccion", "Veronica_Ejercicio3_IngresoDireccion.csproj", "{78DFD212-E5B8-42FF-8E9C-E82891BC4CDD}"
EndProject
Global
	GlobalSection(SolutionConfigurationPlatforms) = preSolution
		Debug|Any CPU = Debug|Any CPU
		Release|Any CPU = Release|Any CPU
	EndGlobalSection
	GlobalSection(ProjectConfigurationPlatforms) = postSolution
		{78DFD212-E5B8-42FF-8E9C-E82891BC4CDD}.Debug|Any CPU.ActiveCfg = Debug|Any CPU
		{78DFD212-E5B8-42FF-8E9C-E82891BC4CDD}.Debug|Any CPU.Build.0 = Debug|Any CPU
		{78DFD212-E5B8-42FF-8E9C-E82891BC4CDD}.Release|Any CPU.ActiveCfg = Release|Any CPU
		{78DFD212-E5B8-42FF-8E9C-E82891BC4CDD}.Release|Any CPU.Build.0 = Release|Any CPU
	EndGlobalSection
	GlobalSection(SolutionProperties) = preSolution
		HideSolutionNode = FALSE
	EndGlobalSection
	GlobalSection(ExtensibilityGlobals) = postSolution
		SolutionGuid = {7567012B-8EFD-4E06-B163-B50FA1852EB8}
	EndGlobalSection
EndGlobal
